
Microsoft Visual Studio Solution File, Format Version 12.00
# Visual Studio Version 16
VisualStudioVersion = 16.0.30413.136
MinimumVisualStudioVersion = 10.0.40219.1
Project("{888888A0-9F3D-457C-B088-3A5042F75D52}") = "PythonApplication14", "PythonApplication14\PythonApplication14.pyproj", "{EEDBCCCC-F18A-4424-9B73-77B92B75FB48}"
EndProject
Global
	GlobalSection(SolutionConfigurationPlatforms) = preSolution
		Debug|Any CPU = Debug|Any CPU
		Release|Any CPU = Release|Any CPU
	EndGlobalSection
	GlobalSection(ProjectConfigurationPlatforms) = postSolution
		{EEDBCCCC-F18A-4424-9B73-77B92B75FB48}.Debug|Any CPU.ActiveCfg = Debug|Any CPU
		{EEDBCCCC-F18A-4424-9B73-77B92B75FB48}.Release|Any CPU.ActiveCfg = Release|Any CPU
	EndGlobalSection
	GlobalSection(SolutionProperties) = preSolution
		HideSolutionNode = FALSE
	EndGlobalSection
	GlobalSection(ExtensibilityGlobals) = postSolution
		SolutionGuid = {358F27B8-7EEA-41D2-9262-7F07312B32DF}
	EndGlobalSection
EndGlobal
